// !$*UTF8*$!
{
	archiveVersion = 1;
	classes = {
	};
	objectVersion = 56;
	objects = {

/* Begin PBXBuildFile section */
		046CE0CA2AA204C700F8ED87 /* EggOnTime_1_1App.swift in Sources */ = {isa = PBXBuildFile; fileRef = 046CE0C92AA204C700F8ED87 /* EggOnTime_1_1App.swift */; };
		046CE0CC2AA204C700F8ED87 /* MainView.swift in Sources */ = {isa = PBXBuildFile; fileRef = 046CE0CB2AA204C700F8ED87 /* MainView.swift */; };
		046CE0CE2AA204C900F8ED87 /* Assets.xcassets in Resources */ = {isa = PBXBuildFile; fileRef = 046CE0CD2AA204C900F8ED87 /* Assets.xcassets */; };
		046CE0D12AA204C900F8ED87 /* Preview Assets.xcassets in Resources */ = {isa = PBXBuildFile; fileRef = 046CE0D02AA204C900F8ED87 /* Preview Assets.xcassets */; };
		046CE0DD2AA2069800F8ED87 /* Stopwatch.swift in Sources */ = {isa = PBXBuildFile; fileRef = 046CE0DC2AA2069800F8ED87 /* Stopwatch.swift */; };
		0477FA3D2AA7A747001EEF30 /* SideMenuView.swift in Sources */ = {isa = PBXBuildFile; fileRef = 0477FA3C2AA7A747001EEF30 /* SideMenuView.swift */; };
		04AA05E92AA3B3D9000295ED /* NotificationTypes.swift in Sources */ = {isa = PBXBuildFile; fileRef = 04AA05E82AA3B3D9000295ED /* NotificationTypes.swift */; };
		04AD35952AA8706700D28AB1 /* ToggleView.swift in Sources */ = {isa = PBXBuildFile; fileRef = 04AD35942AA8706700D28AB1 /* ToggleView.swift */; };
		04AD35972AA877C500D28AB1 /* Settings.swift in Sources */ = {isa = PBXBuildFile; fileRef = 04AD35962AA877C500D28AB1 /* Settings.swift */; };
		04DF57ED2AA60EF600414DA8 /* Screen.swift in Sources */ = {isa = PBXBuildFile; fileRef = 04DF57EC2AA60EF600414DA8 /* Screen.swift */; };
		04F5F93D2AA23B890054AA57 /* CookingViewModel.swift in Sources */ = {isa = PBXBuildFile; fileRef = 04F5F93C2AA23B890054AA57 /* CookingViewModel.swift */; };
		04F5F93F2AA23C340054AA57 /* EggParameters.swift in Sources */ = {isa = PBXBuildFile; fileRef = 04F5F93E2AA23C340054AA57 /* EggParameters.swift */; };
		04F5F9412AA240D60054AA57 /* CookingView.swift in Sources */ = {isa = PBXBuildFile; fileRef = 04F5F9402AA240D60054AA57 /* CookingView.swift */; };
		04F5F9442AA246D40054AA57 /* Constants.swift in Sources */ = {isa = PBXBuildFile; fileRef = 04F5F9432AA246D40054AA57 /* Constants.swift */; };
		04F5F9462AA2470B0054AA57 /* SelectingParameterView.swift in Sources */ = {isa = PBXBuildFile; fileRef = 04F5F9452AA2470B0054AA57 /* SelectingParameterView.swift */; };
		04F5F9482AA248E10054AA57 /* EggMainView.swift in Sources */ = {isa = PBXBuildFile; fileRef = 04F5F9472AA248E10054AA57 /* EggMainView.swift */; };
		04F5F94C2AA24E460054AA57 /* DividerView.swift in Sources */ = {isa = PBXBuildFile; fileRef = 04F5F94B2AA24E460054AA57 /* DividerView.swift */; };
		04F5F94E2AA24EF30054AA57 /* CircleButtonView.swift in Sources */ = {isa = PBXBuildFile; fileRef = 04F5F94D2AA24EF30054AA57 /* CircleButtonView.swift */; };
		04F5F9502AA24F290054AA57 /* CircleBGView.swift in Sources */ = {isa = PBXBuildFile; fileRef = 04F5F94F2AA24F290054AA57 /* CircleBGView.swift */; };
		04F5F9522AA24FCE0054AA57 /* EggCookingView.swift in Sources */ = {isa = PBXBuildFile; fileRef = 04F5F9512AA24FCD0054AA57 /* EggCookingView.swift */; };
/* End PBXBuildFile section */

/* Begin PBXFileReference section */
		046CE0C62AA204C700F8ED87 /* EggOnTime-1.1.app */ = {isa = PBXFileReference; explicitFileType = wrapper.application; includeInIndex = 0; path = "EggOnTime-1.1.app"; sourceTree = BUILT_PRODUCTS_DIR; };
		046CE0C92AA204C700F8ED87 /* EggOnTime_1_1App.swift */ = {isa = PBXFileReference; lastKnownFileType = sourcecode.swift; path = EggOnTime_1_1App.swift; sourceTree = "<group>"; };
		046CE0CB2AA204C700F8ED87 /* MainView.swift */ = {isa = PBXFileReference; lastKnownFileType = sourcecode.swift; path = MainView.swift; sourceTree = "<group>"; };
		046CE0CD2AA204C900F8ED87 /* Assets.xcassets */ = {isa = PBXFileReference; lastKnownFileType = folder.assetcatalog; path = Assets.xcassets; sourceTree = "<group>"; };
		046CE0D02AA204C900F8ED87 /* Preview Assets.xcassets */ = {isa = PBXFileReference; lastKnownFileType = folder.assetcatalog; path = "Preview Assets.xcassets"; sourceTree = "<group>"; };
		046CE0DC2AA2069800F8ED87 /* Stopwatch.swift */ = {isa = PBXFileReference; lastKnownFileType = sourcecode.swift; path = Stopwatch.swift; sourceTree = "<group>"; };
		0477FA3C2AA7A747001EEF30 /* SideMenuView.swift */ = {isa = PBXFileReference; lastKnownFileType = sourcecode.swift; path = SideMenuView.swift; sourceTree = "<group>"; };
		04AA05E82AA3B3D9000295ED /* NotificationTypes.swift */ = {isa = PBXFileReference; lastKnownFileType = sourcecode.swift; path = NotificationTypes.swift; sourceTree = "<group>"; };
		04AA05EA2AA3C66F000295ED /* EggOnTime-1-1-Info.plist */ = {isa = PBXFileReference; lastKnownFileType = text.plist; path = "EggOnTime-1-1-Info.plist"; sourceTree = SOURCE_ROOT; };
		04AD35942AA8706700D28AB1 /* ToggleView.swift */ = {isa = PBXFileReference; lastKnownFileType = sourcecode.swift; path = ToggleView.swift; sourceTree = "<group>"; };
		04AD35962AA877C500D28AB1 /* Settings.swift */ = {isa = PBXFileReference; lastKnownFileType = sourcecode.swift; path = Settings.swift; sourceTree = "<group>"; };
		04DF57EC2AA60EF600414DA8 /* Screen.swift */ = {isa = PBXFileReference; lastKnownFileType = sourcecode.swift; path = Screen.swift; sourceTree = "<group>"; };
		04F5F93C2AA23B890054AA57 /* CookingViewModel.swift */ = {isa = PBXFileReference; lastKnownFileType = sourcecode.swift; path = CookingViewModel.swift; sourceTree = "<group>"; };
		04F5F93E2AA23C340054AA57 /* EggParameters.swift */ = {isa = PBXFileReference; lastKnownFileType = sourcecode.swift; path = EggParameters.swift; sourceTree = "<group>"; };
		04F5F9402AA240D60054AA57 /* CookingView.swift */ = {isa = PBXFileReference; lastKnownFileType = sourcecode.swift; path = CookingView.swift; sourceTree = "<group>"; };
		04F5F9432AA246D40054AA57 /* Constants.swift */ = {isa = PBXFileReference; lastKnownFileType = sourcecode.swift; path = Constants.swift; sourceTree = "<group>"; };
		04F5F9452AA2470B0054AA57 /* SelectingParameterView.swift */ = {isa = PBXFileReference; lastKnownFileType = sourcecode.swift; path = SelectingParameterView.swift; sourceTree = "<group>"; };
		04F5F9472AA248E10054AA57 /* EggMainView.swift */ = {isa = PBXFileReference; lastKnownFileType = sourcecode.swift; path = EggMainView.swift; sourceTree = "<group>"; };
		04F5F94B2AA24E460054AA57 /* DividerView.swift */ = {isa = PBXFileReference; lastKnownFileType = sourcecode.swift; path = DividerView.swift; sourceTree = "<group>"; };
		04F5F94D2AA24EF30054AA57 /* CircleButtonView.swift */ = {isa = PBXFileReference; lastKnownFileType = sourcecode.swift; path = CircleButtonView.swift; sourceTree = "<group>"; };
		04F5F94F2AA24F290054AA57 /* CircleBGView.swift */ = {isa = PBXFileReference; lastKnownFileType = sourcecode.swift; path = CircleBGView.swift; sourceTree = "<group>"; };
		04F5F9512AA24FCD0054AA57 /* EggCookingView.swift */ = {isa = PBXFileReference; lastKnownFileType = sourcecode.swift; path = EggCookingView.swift; sourceTree = "<group>"; };
/* End PBXFileReference section */

/* Begin PBXFrameworksBuildPhase section */
		046CE0C32AA204C700F8ED87 /* Frameworks */ = {
			isa = PBXFrameworksBuildPhase;
			buildActionMask = 2147483647;
			files = (
			);
			runOnlyForDeploymentPostprocessing = 0;
		};
/* End PBXFrameworksBuildPhase section */

/* Begin PBXGroup section */
		046CE0BD2AA204C700F8ED87 = {
			isa = PBXGroup;
			children = (
				046CE0C82AA204C700F8ED87 /* EggOnTime-1.1 */,
				046CE0C72AA204C700F8ED87 /* Products */,
			);
			sourceTree = "<group>";
		};
		046CE0C72AA204C700F8ED87 /* Products */ = {
			isa = PBXGroup;
			children = (
				046CE0C62AA204C700F8ED87 /* EggOnTime-1.1.app */,
			);
			name = Products;
			sourceTree = "<group>";
		};
		046CE0C82AA204C700F8ED87 /* EggOnTime-1.1 */ = {
			isa = PBXGroup;
			children = (
				04AA05EA2AA3C66F000295ED /* EggOnTime-1-1-Info.plist */,
				046CE0CD2AA204C900F8ED87 /* Assets.xcassets */,
				046CE0CF2AA204C900F8ED87 /* Preview Content */,
				046CE0C92AA204C700F8ED87 /* EggOnTime_1_1App.swift */,
				046CE0D72AA2053100F8ED87 /* Views */,
				046CE0D82AA2053E00F8ED87 /* ViewModels */,
				046CE0D92AA2055300F8ED87 /* Models */,
				04F5F9422AA246900054AA57 /* Constants */,
			);
			path = "EggOnTime-1.1";
			sourceTree = "<group>";
		};
		046CE0CF2AA204C900F8ED87 /* Preview Content */ = {
			isa = PBXGroup;
			children = (
				046CE0D02AA204C900F8ED87 /* Preview Assets.xcassets */,
			);
			path = "Preview Content";
			sourceTree = "<group>";
		};
		046CE0D72AA2053100F8ED87 /* Views */ = {
			isa = PBXGroup;
			children = (
				046CE0DA2AA2057300F8ED87 /* Main */,
				046CE0DB2AA2057B00F8ED87 /* CookingView */,
				04F5F94B2AA24E460054AA57 /* DividerView.swift */,
				0477FA3C2AA7A747001EEF30 /* SideMenuView.swift */,
				04AD35942AA8706700D28AB1 /* ToggleView.swift */,
			);
			path = Views;
			sourceTree = "<group>";
		};
		046CE0D82AA2053E00F8ED87 /* ViewModels */ = {
			isa = PBXGroup;
			children = (
				04F5F93C2AA23B890054AA57 /* CookingViewModel.swift */,
				046CE0DC2AA2069800F8ED87 /* Stopwatch.swift */,
			);
			path = ViewModels;
			sourceTree = "<group>";
		};
		046CE0D92AA2055300F8ED87 /* Models */ = {
			isa = PBXGroup;
			children = (
				04F5F93E2AA23C340054AA57 /* EggParameters.swift */,
				04AA05E82AA3B3D9000295ED /* NotificationTypes.swift */,
				04DF57EC2AA60EF600414DA8 /* Screen.swift */,
				04AD35962AA877C500D28AB1 /* Settings.swift */,
			);
			path = Models;
			sourceTree = "<group>";
		};
		046CE0DA2AA2057300F8ED87 /* Main */ = {
			isa = PBXGroup;
			children = (
				046CE0CB2AA204C700F8ED87 /* MainView.swift */,
				04F5F9472AA248E10054AA57 /* EggMainView.swift */,
				04F5F9452AA2470B0054AA57 /* SelectingParameterView.swift */,
			);
			path = Main;
			sourceTree = "<group>";
		};
		046CE0DB2AA2057B00F8ED87 /* CookingView */ = {
			isa = PBXGroup;
			children = (
				04F5F9402AA240D60054AA57 /* CookingView.swift */,
				04F5F9512AA24FCD0054AA57 /* EggCookingView.swift */,
				04F5F94F2AA24F290054AA57 /* CircleBGView.swift */,
				04F5F94D2AA24EF30054AA57 /* CircleButtonView.swift */,
			);
			path = CookingView;
			sourceTree = "<group>";
		};
		04F5F9422AA246900054AA57 /* Constants */ = {
			isa = PBXGroup;
			children = (
				04F5F9432AA246D40054AA57 /* Constants.swift */,
			);
			path = Constants;
			sourceTree = "<group>";
		};
/* End PBXGroup section */

/* Begin PBXNativeTarget section */
		046CE0C52AA204C700F8ED87 /* EggOnTime-1.1 */ = {
			isa = PBXNativeTarget;
			buildConfigurationList = 046CE0D42AA204C900F8ED87 /* Build configuration list for PBXNativeTarget "EggOnTime-1.1" */;
			buildPhases = (
				046CE0C22AA204C700F8ED87 /* Sources */,
				046CE0C32AA204C700F8ED87 /* Frameworks */,
				046CE0C42AA204C700F8ED87 /* Resources */,
			);
			buildRules = (
			);
			dependencies = (
			);
			name = "EggOnTime-1.1";
			productName = "EggOnTime-1.1";
			productReference = 046CE0C62AA204C700F8ED87 /* EggOnTime-1.1.app */;
			productType = "com.apple.product-type.application";
		};
/* End PBXNativeTarget section */

/* Begin PBXProject section */
		046CE0BE2AA204C700F8ED87 /* Project object */ = {
			isa = PBXProject;
			attributes = {
				BuildIndependentTargetsInParallel = 1;
				LastSwiftUpdateCheck = 1430;
				LastUpgradeCheck = 1430;
				TargetAttributes = {
					046CE0C52AA204C700F8ED87 = {
						CreatedOnToolsVersion = 14.3.1;
					};
				};
			};
			buildConfigurationList = 046CE0C12AA204C700F8ED87 /* Build configuration list for PBXProject "EggOnTime-1.1" */;
			compatibilityVersion = "Xcode 14.0";
			developmentRegion = en;
			hasScannedForEncodings = 0;
			knownRegions = (
				en,
				Base,
			);
			mainGroup = 046CE0BD2AA204C700F8ED87;
			productRefGroup = 046CE0C72AA204C700F8ED87 /* Products */;
			projectDirPath = "";
			projectRoot = "";
			targets = (
				046CE0C52AA204C700F8ED87 /* EggOnTime-1.1 */,
			);
		};
/* End PBXProject section */

/* Begin PBXResourcesBuildPhase section */
		046CE0C42AA204C700F8ED87 /* Resources */ = {
			isa = PBXResourcesBuildPhase;
			buildActionMask = 2147483647;
			files = (
				046CE0D12AA204C900F8ED87 /* Preview Assets.xcassets in Resources */,
				046CE0CE2AA204C900F8ED87 /* Assets.xcassets in Resources */,
			);
			runOnlyForDeploymentPostprocessing = 0;
		};
/* End PBXResourcesBuildPhase section */

/* Begin PBXSourcesBuildPhase section */
		046CE0C22AA204C700F8ED87 /* Sources */ = {
			isa = PBXSourcesBuildPhase;
			buildActionMask = 2147483647;
			files = (
				046CE0CC2AA204C700F8ED87 /* MainView.swift in Sources */,
				04F5F9462AA2470B0054AA57 /* SelectingParameterView.swift in Sources */,
				0477FA3D2AA7A747001EEF30 /* SideMenuView.swift in Sources */,
				04F5F9412AA240D60054AA57 /* CookingView.swift in Sources */,
				046CE0CA2AA204C700F8ED87 /* EggOnTime_1_1App.swift in Sources */,
				04AD35952AA8706700D28AB1 /* ToggleView.swift in Sources */,
				04AD35972AA877C500D28AB1 /* Settings.swift in Sources */,
				04F5F94C2AA24E460054AA57 /* DividerView.swift in Sources */,
				04DF57ED2AA60EF600414DA8 /* Screen.swift in Sources */,
				046CE0DD2AA2069800F8ED87 /* Stopwatch.swift in Sources */,
				04F5F9442AA246D40054AA57 /* Constants.swift in Sources */,
				04F5F9502AA24F290054AA57 /* CircleBGView.swift in Sources */,
				04F5F94E2AA24EF30054AA57 /* CircleButtonView.swift in Sources */,
				04F5F93F2AA23C340054AA57 /* EggParameters.swift in Sources */,
				04AA05E92AA3B3D9000295ED /* NotificationTypes.swift in Sources */,
				04F5F9522AA24FCE0054AA57 /* EggCookingView.swift in Sources */,
				04F5F93D2AA23B890054AA57 /* CookingViewModel.swift in Sources */,
				04F5F9482AA248E10054AA57 /* EggMainView.swift in Sources */,
			);
			runOnlyForDeploymentPostprocessing = 0;
		};
/* End PBXSourcesBuildPhase section */

/* Begin XCBuildConfiguration section */
		046CE0D22AA204C900F8ED87 /* Debug */ = {
			isa = XCBuildConfiguration;
			buildSettings = {
				ALWAYS_SEARCH_USER_PATHS = NO;
				CLANG_ANALYZER_NONNULL = YES;
				CLANG_ANALYZER_NUMBER_OBJECT_CONVERSION = YES_AGGRESSIVE;
				CLANG_CXX_LANGUAGE_STANDARD = "gnu++20";
				CLANG_ENABLE_MODULES = YES;
				CLANG_ENABLE_OBJC_ARC = YES;
				CLANG_ENABLE_OBJC_WEAK = YES;
				CLANG_WARN_BLOCK_CAPTURE_AUTORELEASING = YES;
				CLANG_WARN_BOOL_CONVERSION = YES;
				CLANG_WARN_COMMA = YES;
				CLANG_WARN_CONSTANT_CONVERSION = YES;
				CLANG_WARN_DEPRECATED_OBJC_IMPLEMENTATIONS = YES;
				CLANG_WARN_DIRECT_OBJC_ISA_USAGE = YES_ERROR;
				CLANG_WARN_DOCUMENTATION_COMMENTS = YES;
				CLANG_WARN_EMPTY_BODY = YES;
				CLANG_WARN_ENUM_CONVERSION = YES;
				CLANG_WARN_INFINITE_RECURSION = YES;
				CLANG_WARN_INT_CONVERSION = YES;
				CLANG_WARN_NON_LITERAL_NULL_CONVERSION = YES;
				CLANG_WARN_OBJC_IMPLICIT_RETAIN_SELF = YES;
				CLANG_WARN_OBJC_LITERAL_CONVERSION = YES;
				CLANG_WARN_OBJC_ROOT_CLASS = YES_ERROR;
				CLANG_WARN_QUOTED_INCLUDE_IN_FRAMEWORK_HEADER = YES;
				CLANG_WARN_RANGE_LOOP_ANALYSIS = YES;
				CLANG_WARN_STRICT_PROTOTYPES = YES;
				CLANG_WARN_SUSPICIOUS_MOVE = YES;
				CLANG_WARN_UNGUARDED_AVAILABILITY = YES_AGGRESSIVE;
				CLANG_WARN_UNREACHABLE_CODE = YES;
				CLANG_WARN__DUPLICATE_METHOD_MATCH = YES;
				COPY_PHASE_STRIP = NO;
				DEBUG_INFORMATION_FORMAT = dwarf;
				ENABLE_STRICT_OBJC_MSGSEND = YES;
				ENABLE_TESTABILITY = YES;
				GCC_C_LANGUAGE_STANDARD = gnu11;
				GCC_DYNAMIC_NO_PIC = NO;
				GCC_NO_COMMON_BLOCKS = YES;
				GCC_OPTIMIZATION_LEVEL = 0;
				GCC_PREPROCESSOR_DEFINITIONS = (
					"DEBUG=1",
					"$(inherited)",
				);
				GCC_WARN_64_TO_32_BIT_CONVERSION = YES;
				GCC_WARN_ABOUT_RETURN_TYPE = YES_ERROR;
				GCC_WARN_UNDECLARED_SELECTOR = YES;
				GCC_WARN_UNINITIALIZED_AUTOS = YES_AGGRESSIVE;
				GCC_WARN_UNUSED_FUNCTION = YES;
				GCC_WARN_UNUSED_VARIABLE = YES;
				IPHONEOS_DEPLOYMENT_TARGET = 16.4;
				MTL_ENABLE_DEBUG_INFO = INCLUDE_SOURCE;
				MTL_FAST_MATH = YES;
				ONLY_ACTIVE_ARCH = YES;
				SDKROOT = iphoneos;
				SWIFT_ACTIVE_COMPILATION_CONDITIONS = DEBUG;
				SWIFT_OPTIMIZATION_LEVEL = "-Onone";
			};
			name = Debug;
		};
		046CE0D32AA204C900F8ED87 /* Release */ = {
			isa = XCBuildConfiguration;
			buildSettings = {
				ALWAYS_SEARCH_USER_PATHS = NO;
				CLANG_ANALYZER_NONNULL = YES;
				CLANG_ANALYZER_NUMBER_OBJECT_CONVERSION = YES_AGGRESSIVE;
				CLANG_CXX_LANGUAGE_STANDARD = "gnu++20";
				CLANG_ENABLE_MODULES = YES;
				CLANG_ENABLE_OBJC_ARC = YES;
				CLANG_ENABLE_OBJC_WEAK = YES;
				CLANG_WARN_BLOCK_CAPTURE_AUTORELEASING = YES;
				CLANG_WARN_BOOL_CONVERSION = YES;
				CLANG_WARN_COMMA = YES;
				CLANG_WARN_CONSTANT_CONVERSION = YES;
				CLANG_WARN_DEPRECATED_OBJC_IMPLEMENTATIONS = YES;
				CLANG_WARN_DIRECT_OBJC_ISA_USAGE = YES_ERROR;
				CLANG_WARN_DOCUMENTATION_COMMENTS = YES;
				CLANG_WARN_EMPTY_BODY = YES;
				CLANG_WARN_ENUM_CONVERSION = YES;
				CLANG_WARN_INFINITE_RECURSION = YES;
				CLANG_WARN_INT_CONVERSION = YES;
				CLANG_WARN_NON_LITERAL_NULL_CONVERSION = YES;
				CLANG_WARN_OBJC_IMPLICIT_RETAIN_SELF = YES;
				CLANG_WARN_OBJC_LITERAL_CONVERSION = YES;
				CLANG_WARN_OBJC_ROOT_CLASS = YES_ERROR;
				CLANG_WARN_QUOTED_INCLUDE_IN_FRAMEWORK_HEADER = YES;
				CLANG_WARN_RANGE_LOOP_ANALYSIS = YES;
				CLANG_WARN_STRICT_PROTOTYPES = YES;
				CLANG_WARN_SUSPICIOUS_MOVE = YES;
				CLANG_WARN_UNGUARDED_AVAILABILITY = YES_AGGRESSIVE;
				CLANG_WARN_UNREACHABLE_CODE = YES;
				CLANG_WARN__DUPLICATE_METHOD_MATCH = YES;
				COPY_PHASE_STRIP = NO;
				DEBUG_INFORMATION_FORMAT = "dwarf-with-dsym";
				ENABLE_NS_ASSERTIONS = NO;
				ENABLE_STRICT_OBJC_MSGSEND = YES;
				GCC_C_LANGUAGE_STANDARD = gnu11;
				GCC_NO_COMMON_BLOCKS = YES;
				GCC_WARN_64_TO_32_BIT_CONVERSION = YES;
				GCC_WARN_ABOUT_RETURN_TYPE = YES_ERROR;
				GCC_WARN_UNDECLARED_SELECTOR = YES;
				GCC_WARN_UNINITIALIZED_AUTOS = YES_AGGRESSIVE;
				GCC_WARN_UNUSED_FUNCTION = YES;
				GCC_WARN_UNUSED_VARIABLE = YES;
				IPHONEOS_DEPLOYMENT_TARGET = 16.4;
				MTL_ENABLE_DEBUG_INFO = NO;
				MTL_FAST_MATH = YES;
				SDKROOT = iphoneos;
				SWIFT_COMPILATION_MODE = wholemodule;
				SWIFT_OPTIMIZATION_LEVEL = "-O";
				VALIDATE_PRODUCT = YES;
			};
			name = Release;
		};
		046CE0D52AA204C900F8ED87 /* Debug */ = {
			isa = XCBuildConfiguration;
			buildSettings = {
				ASSETCATALOG_COMPILER_APPICON_NAME = AppIcon;
				ASSETCATALOG_COMPILER_GLOBAL_ACCENT_COLOR_NAME = AccentColor;
				CODE_SIGN_STYLE = Automatic;
				CURRENT_PROJECT_VERSION = 1;
				DEVELOPMENT_ASSET_PATHS = "\"EggOnTime-1.1/Preview Content\"";
				DEVELOPMENT_TEAM = VDM65QNNS4;
				ENABLE_PREVIEWS = YES;
				GENERATE_INFOPLIST_FILE = YES;
				INFOPLIST_FILE = "EggOnTime-1-1-Info.plist";
				INFOPLIST_KEY_UIApplicationSceneManifest_Generation = YES;
				INFOPLIST_KEY_UIApplicationSupportsIndirectInputEvents = YES;
				INFOPLIST_KEY_UILaunchScreen_Generation = YES;
				INFOPLIST_KEY_UISupportedInterfaceOrientations = UIInterfaceOrientationPortrait;
				INFOPLIST_KEY_UISupportedInterfaceOrientations_iPad = "UIInterfaceOrientationLandscapeLeft UIInterfaceOrientationLandscapeRight UIInterfaceOrientationPortrait UIInterfaceOrientationPortraitUpsideDown";
				LD_RUNPATH_SEARCH_PATHS = (
					"$(inherited)",
					"@executable_path/Frameworks",
				);
				MARKETING_VERSION = 1.0;
				PRODUCT_BUNDLE_IDENTIFIER = "com.DY.EggOnTime-1-1";
				PRODUCT_NAME = "$(TARGET_NAME)";
				SUPPORTED_PLATFORMS = "iphoneos iphonesimulator";
				SUPPORTS_MACCATALYST = NO;
				SUPPORTS_MAC_DESIGNED_FOR_IPHONE_IPAD = NO;
				SWIFT_EMIT_LOC_STRINGS = YES;
				SWIFT_VERSION = 5.0;
				TARGETED_DEVICE_FAMILY = 1;
			};
			name = Debug;
		};
		046CE0D62AA204C900F8ED87 /* Release */ = {
			isa = XCBuildConfiguration;
			buildSettings = {
				ASSETCATALOG_COMPILER_APPICON_NAME = AppIcon;
				ASSETCATALOG_COMPILER_GLOBAL_ACCENT_COLOR_NAME = AccentColor;
				CODE_SIGN_STYLE = Automatic;
				CURRENT_PROJECT_VERSION = 1;
				DEVELOPMENT_ASSET_PATHS = "\"EggOnTime-1.1/Preview Content\"";
				DEVELOPMENT_TEAM = VDM65QNNS4;
				ENABLE_PREVIEWS = YES;
				GENERATE_INFOPLIST_FILE = YES;
				INFOPLIST_FILE = "EggOnTime-1-1-Info.plist";
				INFOPLIST_KEY_UIApplicationSceneManifest_Generation = YES;
				INFOPLIST_KEY_UIApplicationSupportsIndirectInputEvents = YES;
				INFOPLIST_KEY_UILaunchScreen_Generation = YES;
				INFOPLIST_KEY_UISupportedInterfaceOrientations = UIInterfaceOrientationPortrait;
				INFOPLIST_KEY_UISupportedInterfaceOrientations_iPad = "UIInterfaceOrientationLandscapeLeft UIInterfaceOrientationLandscapeRight UIInterfaceOrientationPortrait UIInterfaceOrientationPortraitUpsideDown";
				LD_RUNPATH_SEARCH_PATHS = (
					"$(inherited)",
					"@executable_path/Frameworks",
				);
				MARKETING_VERSION = 1.0;
				PRODUCT_BUNDLE_IDENTIFIER = "com.DY.EggOnTime-1-1";
				PRODUCT_NAME = "$(TARGET_NAME)";
				SUPPORTED_PLATFORMS = "iphoneos iphonesimulator";
				SUPPORTS_MACCATALYST = NO;
				SUPPORTS_MAC_DESIGNED_FOR_IPHONE_IPAD = NO;
				SWIFT_EMIT_LOC_STRINGS = YES;
				SWIFT_VERSION = 5.0;
				TARGETED_DEVICE_FAMILY = 1;
			};
			name = Release;
		};
/* End XCBuildConfiguration section */

/* Begin XCConfigurationList section */
		046CE0C12AA204C700F8ED87 /* Build configuration list for PBXProject "EggOnTime-1.1" */ = {
			isa = XCConfigurationList;
			buildConfigurations = (
				046CE0D22AA204C900F8ED87 /* Debug */,
				046CE0D32AA204C900F8ED87 /* Release */,
			);
			defaultConfigurationIsVisible = 0;
			defaultConfigurationName = Release;
		};
		046CE0D42AA204C900F8ED87 /* Build configuration list for PBXNativeTarget "EggOnTime-1.1" */ = {
			isa = XCConfigurationList;
			buildConfigurations = (
				046CE0D52AA204C900F8ED87 /* Debug */,
				046CE0D62AA204C900F8ED87 /* Release */,
			);
			defaultConfigurationIsVisible = 0;
			defaultConfigurationName = Release;
		};
/* End XCConfigurationList section */
	};
	rootObject = 046CE0BE2AA204C700F8ED87 /* Project object */;
}
